{
  "version": 4,
  "terraform_version": "1.4.0",
  "serial": 260,
  "lineage": "73dfa070-c41e-8323-6e83-ba5bc042ef8c",
  "outputs": {},
  "resources": [
    {
      "module": "module.eks-cluster",
      "mode": "managed",
      "type": "aws_eip",
      "name": "nat",
      "provider": "provider[\"registry.terraform.io/hashicorp/aws\"]",
      "instances": [
        {
          "schema_version": 0,
          "attributes": {
            "address": null,
            "allocation_id": "eipalloc-09120609cbc087520",
            "associate_with_private_ip": null,
            "association_id": "",
            "carrier_ip": "",
            "customer_owned_ip": "",
            "customer_owned_ipv4_pool": "",
            "domain": "vpc",
            "id": "eipalloc-09120609cbc087520",
            "instance": "",
            "network_border_group": "us-east-1",
            "network_interface": "",
            "private_dns": null,
            "private_ip": "",
            "public_dns": "ec2-54-243-35-229.compute-1.amazonaws.com",
            "public_ip": "54.243.35.229",
            "public_ipv4_pool": "amazon",
            "tags": {
              "Name": "nat"
            },
            "tags_all": {
              "Name": "nat"
            },
            "timeouts": null,
            "vpc": true
          },
          "sensitive_attributes": [],
          "private": "eyJlMmJmYjczMC1lY2FhLTExZTYtOGY4OC0zNDM2M2JjN2M0YzAiOnsiZGVsZXRlIjoxODAwMDAwMDAwMDAsInJlYWQiOjkwMDAwMDAwMDAwMCwidXBkYXRlIjozMDAwMDAwMDAwMDB9fQ=="
        }
      ]
    },
    {
      "module": "module.eks-cluster",
      "mode": "managed",
      "type": "aws_eks_cluster",
      "name": "eks-cluster",
      "provider": "provider[\"registry.terraform.io/hashicorp/aws\"]",
      "instances": [
        {
          "schema_version": 0,
          "attributes": {
            "arn": "arn:aws:eks:us-east-1:339772204487:cluster/eks-cluster-cloud",
            "certificate_authority": [
              {
                "data": "LS0tLS1CRUdJTiBDRVJUSUZJQ0FURS0tLS0tCk1JSUMvakNDQWVhZ0F3SUJBZ0lCQURBTkJna3Foa2lHOXcwQkFRc0ZBREFWTVJNd0VRWURWUVFERXdwcmRXSmwKY201bGRHVnpNQjRYRFRJeU1URXlNREEwTlRJeU1Wb1hEVE15TVRFeE56QTBOVEl5TVZvd0ZURVRNQkVHQTFVRQpBeE1LYTNWaVpYSnVaWFJsY3pDQ0FTSXdEUVlKS29aSWh2Y05BUUVCQlFBRGdnRVBBRENDQVFvQ2dnRUJBTlA1CmJ4UkhkdjRXS0Y3enRvSXBmN3g4REt3WHFNNFc4V2NWWFlyallkVW1LZjk0NXdUcGVaZld5U2hKV3ZuOVJCbGMKWUJVWnBjQkxnRDlabW9ZNi9EQlNDdEZSLzh6M2ovM25VaVI1RC9CZTF3TWhIZlBucXFkRHA2UlZobVlmWXJSWgpwODA5VTJGZGNQN0JJUDVyRFZUSUxZMTlFZ3RHRnYrMmEzNlh6bjAvNzhhbUMyeWMwSW5LOXdnK2ZnU1BYZzZaCmNrT055cm01YTBHTUEweTl0T0JZTDJwaFEzcmtabnJDZy9qRURzZHN5VmpFUWNQMEllSW5tbkJ0aXQ5SllvZkEKL1pIclM2clAxbDVHWkxyTnBXczF1anVPQm9xS1ZDOXFpS2d4cnNkeitCZnhyQ3YwbzA0ZENLdkJIZ21mazNtNQppdmNzNG9iY29xdnZBdzlXakFjQ0F3RUFBYU5aTUZjd0RnWURWUjBQQVFIL0JBUURBZ0trTUE4R0ExVWRFd0VCCi93UUZNQU1CQWY4d0hRWURWUjBPQkJZRUZCaGtJaVovU2xFK0h5cStPcTZ0ZmtraUlXSEtNQlVHQTFVZEVRUU8KTUF5Q0NtdDFZbVZ5Ym1WMFpYTXdEUVlKS29aSWh2Y05BUUVMQlFBRGdnRUJBSG5ESjl2YWZaUHRBV1RaYlJ4OQpYS3prNTEwN0pNMkxHMFZTS3phSCthSGJpNWJrc2I4U2Y4V0hMRjhhYVVYbUlpd3M1RVRwbjBGcytxZ1R5TWdHCjE0RkIzQmFvdlR3WURTV1NpWkNTSXR4ZW81elBJSUVQM1UxWnRZOGNjai82RmRoMHBwSUczSG92ZlgwZFNIblIKaVZydTllYmZTaVZYc2M5bXhLWldib1gzTWpONys3eGt1L3lUcmhKbnh2SlZBOC9YNklydEt4NzRLekVnMHlGSwpMVTFYWTAvaHNRZ25TdWcxOG9oQnJ6MWVvTlR5SXpzV2MyOTdaQi9JT1hRbjVSSUNNc05ZRlhVUi85ZjRBam5CCnNLRlhGWXdKMjVHWGRXTUlDVXdDZXRsNS9VSWFUWUJ2MlR2VndxQkF0ZXlDRU5ib3BWRmpUYzlxbGJQQWxCMzkKL1NRPQotLS0tLUVORCBDRVJUSUZJQ0FURS0tLS0tCg=="
              }
            ],
            "created_at": "2022-11-20 04:46:17.172 +0000 UTC",
            "enabled_cluster_log_types": null,
            "encryption_config": [],
            "endpoint": "https://5E272EA2F99D80543E5ECEAFFBF44EB7.gr7.us-east-1.eks.amazonaws.com",
            "id": "eks-cluster-cloud",
            "identity": [
              {
                "oidc": [
                  {
                    "issuer": "https://oidc.eks.us-east-1.amazonaws.com/id/5E272EA2F99D80543E5ECEAFFBF44EB7"
                  }
                ]
              }
            ],
            "kubernetes_network_config": [
              {
                "ip_family": "ipv4",
                "service_ipv4_cidr": "172.20.0.0/16",
                "service_ipv6_cidr": ""
              }
            ],
            "name": "eks-cluster-cloud",
            "outpost_config": [],
            "platform_version": "eks.4",
            "role_arn": "arn:aws:iam::339772204487:role/eks-cluster-role",
            "status": "ACTIVE",
            "tags": null,
            "tags_all": {},
            "timeouts": null,
            "version": "1.23",
            "vpc_config": [
              {
                "cluster_security_group_id": "sg-02a9c52fe0a9387ed",
                "endpoint_private_access": false,
                "endpoint_public_access": true,
                "public_access_cidrs": [
                  "0.0.0.0/0"
                ],
                "security_group_ids": null,
                "subnet_ids": [
                  "subnet-0197b5193279f016a",
                  "subnet-0a6ce252f83c86552",
                  "subnet-0b0594d192e3f588a",
                  "subnet-0be5a0b9e3f92ec43"
                ],
                "vpc_id": "vpc-01ebd86807da7f864"
              }
            ]
          },
          "sensitive_attributes": [],
          "private": "eyJlMmJmYjczMC1lY2FhLTExZTYtOGY4OC0zNDM2M2JjN2M0YzAiOnsiY3JlYXRlIjoxODAwMDAwMDAwMDAwLCJkZWxldGUiOjkwMDAwMDAwMDAwMCwidXBkYXRlIjozNjAwMDAwMDAwMDAwfX0=",
          "dependencies": [
            "module.eks-cluster.aws_iam_role.eks-role",
            "module.eks-cluster.aws_iam_role_policy_attachment.eks-policy-attachment",
            "module.eks-cluster.aws_subnet.private-subnet",
            "module.eks-cluster.aws_subnet.private-subnet-2",
            "module.eks-cluster.aws_subnet.public-subnet",
            "module.eks-cluster.aws_subnet.public-subnet-2",
            "module.eks-cluster.aws_vpc.eks-vpc"
          ]
        }
      ]
    },
    {
      "module": "module.eks-cluster",
      "mode": "managed",
      "type": "aws_iam_role",
      "name": "eks-role",
      "provider": "provider[\"registry.terraform.io/hashicorp/aws\"]",
      "instances": [
        {
          "schema_version": 0,
          "attributes": {
            "arn": "arn:aws:iam::339772204487:role/eks-cluster-role",
            "assume_role_policy": "{\"Statement\":[{\"Action\":\"sts:AssumeRole\",\"Effect\":\"Allow\",\"Principal\":{\"Service\":\"eks.amazonaws.com\"}}],\"Version\":\"2012-10-17\"}",
            "create_date": "2022-11-20T04:45:52Z",
            "description": "",
            "force_detach_policies": false,
            "id": "eks-cluster-role",
            "inline_policy": [],
            "managed_policy_arns": [],
            "max_session_duration": 3600,
            "name": "eks-cluster-role",
            "name_prefix": "",
            "path": "/",
            "permissions_boundary": null,
            "tags": null,
            "tags_all": {},
            "unique_id": "AROAU6HAAMXDRPGWONPAJ"
          },
          "sensitive_attributes": [],
          "private": "bnVsbA=="
        }
      ]
    },
    {
      "module": "module.eks-cluster",
      "mode": "managed",
      "type": "aws_iam_role_policy_attachment",
      "name": "eks-policy-attachment",
      "provider": "provider[\"registry.terraform.io/hashicorp/aws\"]",
      "instances": [
        {
          "schema_version": 0,
          "attributes": {
            "id": "eks-cluster-role-20221120044553887600000001",
            "policy_arn": "arn:aws:iam::aws:policy/AmazonEKSClusterPolicy",
            "role": "eks-cluster-role"
          },
          "sensitive_attributes": [],
          "private": "bnVsbA==",
          "dependencies": [
            "module.eks-cluster.aws_iam_role.eks-role"
          ]
        }
      ]
    },
    {
      "module": "module.eks-cluster",
      "mode": "managed",
      "type": "aws_internet_gateway",
      "name": "internet-gateway",
      "provider": "provider[\"registry.terraform.io/hashicorp/aws\"]",
      "instances": [
        {
          "schema_version": 0,
          "attributes": {
            "arn": "arn:aws:ec2:us-east-1:339772204487:internet-gateway/igw-00bece153de4fb66f",
            "id": "igw-00bece153de4fb66f",
            "owner_id": "339772204487",
            "tags": {
              "Name": "internet-gateway"
            },
            "tags_all": {
              "Name": "internet-gateway"
            },
            "timeouts": null,
            "vpc_id": ""
          },
          "sensitive_attributes": [],
          "private": "eyJlMmJmYjczMC1lY2FhLTExZTYtOGY4OC0zNDM2M2JjN2M0YzAiOnsiY3JlYXRlIjoxMjAwMDAwMDAwMDAwLCJkZWxldGUiOjEyMDAwMDAwMDAwMDAsInVwZGF0ZSI6MTIwMDAwMDAwMDAwMH19",
          "dependencies": [
            "module.eks-cluster.aws_vpc.eks-vpc"
          ]
        }
      ]
    },
    {
      "module": "module.eks-cluster",
      "mode": "managed",
      "type": "aws_nat_gateway",
      "name": "nat-gateway",
      "provider": "provider[\"registry.terraform.io/hashicorp/aws\"]",
      "instances": [
        {
          "schema_version": 0,
          "attributes": {
            "allocation_id": "eipalloc-09120609cbc087520",
            "connectivity_type": "public",
            "id": "nat-0436d85d9481bbffe",
            "network_interface_id": "eni-07d6576ae96c16b62",
            "private_ip": "10.0.75.195",
            "public_ip": "54.243.35.229",
            "subnet_id": "subnet-0b0594d192e3f588a",
            "tags": {
              "Name": "nat"
            },
            "tags_all": {
              "Name": "nat"
            }
          },
          "sensitive_attributes": [],
          "private": "bnVsbA==",
          "dependencies": [
            "module.eks-cluster.aws_eip.nat",
            "module.eks-cluster.aws_subnet.public-subnet",
            "module.eks-cluster.aws_vpc.eks-vpc"
          ]
        }
      ]
    },
    {
      "module": "module.eks-cluster",
      "mode": "managed",
      "type": "aws_route_table",
      "name": "private",
      "provider": "provider[\"registry.terraform.io/hashicorp/aws\"]",
      "instances": [
        {
          "schema_version": 0,
          "attributes": {
            "arn": "arn:aws:ec2:us-east-1:339772204487:route-table/rtb-05dfa843d2e202699",
            "id": "rtb-05dfa843d2e202699",
            "owner_id": "339772204487",
            "propagating_vgws": [],
            "route": [
              {
                "carrier_gateway_id": "",
                "cidr_block": "0.0.0.0/0",
                "core_network_arn": "",
                "destination_prefix_list_id": "",
                "egress_only_gateway_id": "",
                "gateway_id": "",
                "instance_id": "",
                "ipv6_cidr_block": "",
                "local_gateway_id": "",
                "nat_gateway_id": "nat-0436d85d9481bbffe",
                "network_interface_id": "",
                "transit_gateway_id": "",
                "vpc_endpoint_id": "",
                "vpc_peering_connection_id": ""
              }
            ],
            "tags": {
              "Name": "private"
            },
            "tags_all": {
              "Name": "private"
            },
            "timeouts": null,
            "vpc_id": "vpc-01ebd86807da7f864"
          },
          "sensitive_attributes": [],
          "private": "eyJlMmJmYjczMC1lY2FhLTExZTYtOGY4OC0zNDM2M2JjN2M0YzAiOnsiY3JlYXRlIjozMDAwMDAwMDAwMDAsImRlbGV0ZSI6MzAwMDAwMDAwMDAwLCJ1cGRhdGUiOjEyMDAwMDAwMDAwMH19",
          "dependencies": [
            "module.eks-cluster.aws_eip.nat",
            "module.eks-cluster.aws_nat_gateway.nat-gateway",
            "module.eks-cluster.aws_subnet.public-subnet",
            "module.eks-cluster.aws_vpc.eks-vpc"
          ]
        }
      ]
    },
    {
      "module": "module.eks-cluster",
      "mode": "managed",
      "type": "aws_route_table",
      "name": "public",
      "provider": "provider[\"registry.terraform.io/hashicorp/aws\"]",
      "instances": [
        {
          "schema_version": 0,
          "attributes": {
            "arn": "arn:aws:ec2:us-east-1:339772204487:route-table/rtb-02ae9d0d2a8cd6a8f",
            "id": "rtb-02ae9d0d2a8cd6a8f",
            "owner_id": "339772204487",
            "propagating_vgws": [],
            "route": [
              {
                "carrier_gateway_id": "",
                "cidr_block": "0.0.0.0/0",
                "core_network_arn": "",
                "destination_prefix_list_id": "",
                "egress_only_gateway_id": "",
                "gateway_id": "igw-00bece153de4fb66f",
                "instance_id": "",
                "ipv6_cidr_block": "",
                "local_gateway_id": "",
                "nat_gateway_id": "",
                "network_interface_id": "",
                "transit_gateway_id": "",
                "vpc_endpoint_id": "",
                "vpc_peering_connection_id": ""
              }
            ],
            "tags": {
              "Name": "public"
            },
            "tags_all": {
              "Name": "public"
            },
            "timeouts": null,
            "vpc_id": "vpc-01ebd86807da7f864"
          },
          "sensitive_attributes": [],
          "private": "eyJlMmJmYjczMC1lY2FhLTExZTYtOGY4OC0zNDM2M2JjN2M0YzAiOnsiY3JlYXRlIjozMDAwMDAwMDAwMDAsImRlbGV0ZSI6MzAwMDAwMDAwMDAwLCJ1cGRhdGUiOjEyMDAwMDAwMDAwMH19",
          "dependencies": [
            "module.eks-cluster.aws_internet_gateway.internet-gateway",
            "module.eks-cluster.aws_vpc.eks-vpc"
          ]
        }
      ]
    },
    {
      "module": "module.eks-cluster",
      "mode": "managed",
      "type": "aws_route_table_association",
      "name": "private-subnet",
      "provider": "provider[\"registry.terraform.io/hashicorp/aws\"]",
      "instances": [
        {
          "schema_version": 0,
          "attributes": {
            "gateway_id": "",
            "id": "rtbassoc-0e9d2a01bbf914f10",
            "route_table_id": "rtb-05dfa843d2e202699",
            "subnet_id": "subnet-0be5a0b9e3f92ec43"
          },
          "sensitive_attributes": [],
          "private": "bnVsbA==",
          "dependencies": [
            "module.eks-cluster.aws_eip.nat",
            "module.eks-cluster.aws_nat_gateway.nat-gateway",
            "module.eks-cluster.aws_route_table.private",
            "module.eks-cluster.aws_subnet.private-subnet",
            "module.eks-cluster.aws_subnet.public-subnet",
            "module.eks-cluster.aws_vpc.eks-vpc"
          ]
        }
      ]
    },
    {
      "module": "module.eks-cluster",
      "mode": "managed",
      "type": "aws_route_table_association",
      "name": "private-subnet-2",
      "provider": "provider[\"registry.terraform.io/hashicorp/aws\"]",
      "instances": [
        {
          "schema_version": 0,
          "attributes": {
            "gateway_id": "",
            "id": "rtbassoc-00812091893267ab1",
            "route_table_id": "rtb-05dfa843d2e202699",
            "subnet_id": "subnet-0197b5193279f016a"
          },
          "sensitive_attributes": [],
          "private": "bnVsbA==",
          "dependencies": [
            "module.eks-cluster.aws_eip.nat",
            "module.eks-cluster.aws_nat_gateway.nat-gateway",
            "module.eks-cluster.aws_route_table.private",
            "module.eks-cluster.aws_subnet.private-subnet-2",
            "module.eks-cluster.aws_subnet.public-subnet",
            "module.eks-cluster.aws_vpc.eks-vpc"
          ]
        }
      ]
    },
    {
      "module": "module.eks-cluster",
      "mode": "managed",
      "type": "aws_route_table_association",
      "name": "public-subnet",
      "provider": "provider[\"registry.terraform.io/hashicorp/aws\"]",
      "instances": [
        {
          "schema_version": 0,
          "attributes": {
            "gateway_id": "",
            "id": "rtbassoc-0b28a2b3e98dfe8d9",
            "route_table_id": "rtb-02ae9d0d2a8cd6a8f",
            "subnet_id": "subnet-0b0594d192e3f588a"
          },
          "sensitive_attributes": [],
          "private": "bnVsbA==",
          "dependencies": [
            "module.eks-cluster.aws_internet_gateway.internet-gateway",
            "module.eks-cluster.aws_route_table.public",
            "module.eks-cluster.aws_subnet.public-subnet",
            "module.eks-cluster.aws_vpc.eks-vpc"
          ]
        }
      ]
    },
    {
      "module": "module.eks-cluster",
      "mode": "managed",
      "type": "aws_route_table_association",
      "name": "public-subnet-2",
      "provider": "provider[\"registry.terraform.io/hashicorp/aws\"]",
      "instances": [
        {
          "schema_version": 0,
          "attributes": {
            "gateway_id": "",
            "id": "rtbassoc-0d9cf519f6db3f30b",
            "route_table_id": "rtb-02ae9d0d2a8cd6a8f",
            "subnet_id": "subnet-0a6ce252f83c86552"
          },
          "sensitive_attributes": [],
          "private": "bnVsbA==",
          "dependencies": [
            "module.eks-cluster.aws_internet_gateway.internet-gateway",
            "module.eks-cluster.aws_route_table.public",
            "module.eks-cluster.aws_subnet.public-subnet-2",
            "module.eks-cluster.aws_vpc.eks-vpc"
          ]
        }
      ]
    },
    {
      "module": "module.eks-cluster",
      "mode": "managed",
      "type": "aws_subnet",
      "name": "private-subnet",
      "provider": "provider[\"registry.terraform.io/hashicorp/aws\"]",
      "instances": [
        {
          "schema_version": 1,
          "attributes": {
            "arn": "arn:aws:ec2:us-east-1:339772204487:subnet/subnet-0be5a0b9e3f92ec43",
            "assign_ipv6_address_on_creation": false,
            "availability_zone": "us-east-1b",
            "availability_zone_id": "use1-az2",
            "cidr_block": "10.0.0.0/19",
            "customer_owned_ipv4_pool": "",
            "enable_dns64": false,
            "enable_resource_name_dns_a_record_on_launch": false,
            "enable_resource_name_dns_aaaa_record_on_launch": false,
            "id": "subnet-0be5a0b9e3f92ec43",
            "ipv6_cidr_block": "",
            "ipv6_cidr_block_association_id": "",
            "ipv6_native": false,
            "map_customer_owned_ip_on_launch": false,
            "map_public_ip_on_launch": false,
            "outpost_arn": "",
            "owner_id": "339772204487",
            "private_dns_hostname_type_on_launch": "ip-name",
            "tags": {
              "kubernetes.io/cluster/eks-cluster-cloud": "shared",
              "kubernetes.io/role/internal-elb": "1"
            },
            "tags_all": {
              "kubernetes.io/cluster/eks-cluster-cloud": "shared",
              "kubernetes.io/role/internal-elb": "1"
            },
            "timeouts": null,
            "vpc_id": "vpc-01ebd86807da7f864"
          },
          "sensitive_attributes": [],
          "private": "eyJlMmJmYjczMC1lY2FhLTExZTYtOGY4OC0zNDM2M2JjN2M0YzAiOnsiY3JlYXRlIjo2MDAwMDAwMDAwMDAsImRlbGV0ZSI6MTIwMDAwMDAwMDAwMH0sInNjaGVtYV92ZXJzaW9uIjoiMSJ9",
          "dependencies": [
            "module.eks-cluster.aws_vpc.eks-vpc"
          ]
        }
      ]
    },
    {
      "module": "module.eks-cluster",
      "mode": "managed",
      "type": "aws_subnet",
      "name": "private-subnet-2",
      "provider": "provider[\"registry.terraform.io/hashicorp/aws\"]",
      "instances": [
        {
          "schema_version": 1,
          "attributes": {
            "arn": "arn:aws:ec2:us-east-1:339772204487:subnet/subnet-0197b5193279f016a",
            "assign_ipv6_address_on_creation": false,
            "availability_zone": "us-east-1a",
            "availability_zone_id": "use1-az1",
            "cidr_block": "10.0.32.0/19",
            "customer_owned_ipv4_pool": "",
            "enable_dns64": false,
            "enable_resource_name_dns_a_record_on_launch": false,
            "enable_resource_name_dns_aaaa_record_on_launch": false,
            "id": "subnet-0197b5193279f016a",
            "ipv6_cidr_block": "",
            "ipv6_cidr_block_association_id": "",
            "ipv6_native": false,
            "map_customer_owned_ip_on_launch": false,
            "map_public_ip_on_launch": false,
            "outpost_arn": "",
            "owner_id": "339772204487",
            "private_dns_hostname_type_on_launch": "ip-name",
            "tags": {
              "kubernetes.io/cluster/eks-cluster-cloud": "shared",
              "kubernetes.io/role/internal-elb": "1"
            },
            "tags_all": {
              "kubernetes.io/cluster/eks-cluster-cloud": "shared",
              "kubernetes.io/role/internal-elb": "1"
            },
            "timeouts": null,
            "vpc_id": "vpc-01ebd86807da7f864"
          },
          "sensitive_attributes": [],
          "private": "eyJlMmJmYjczMC1lY2FhLTExZTYtOGY4OC0zNDM2M2JjN2M0YzAiOnsiY3JlYXRlIjo2MDAwMDAwMDAwMDAsImRlbGV0ZSI6MTIwMDAwMDAwMDAwMH0sInNjaGVtYV92ZXJzaW9uIjoiMSJ9",
          "dependencies": [
            "module.eks-cluster.aws_vpc.eks-vpc"
          ]
        }
      ]
    },
    {
      "module": "module.eks-cluster",
      "mode": "managed",
      "type": "aws_subnet",
      "name": "public-subnet",
      "provider": "provider[\"registry.terraform.io/hashicorp/aws\"]",
      "instances": [
        {
          "schema_version": 1,
          "attributes": {
            "arn": "arn:aws:ec2:us-east-1:339772204487:subnet/subnet-0b0594d192e3f588a",
            "assign_ipv6_address_on_creation": false,
            "availability_zone": "us-east-1a",
            "availability_zone_id": "use1-az1",
            "cidr_block": "10.0.64.0/19",
            "customer_owned_ipv4_pool": "",
            "enable_dns64": false,
            "enable_resource_name_dns_a_record_on_launch": false,
            "enable_resource_name_dns_aaaa_record_on_launch": false,
            "id": "subnet-0b0594d192e3f588a",
            "ipv6_cidr_block": "",
            "ipv6_cidr_block_association_id": "",
            "ipv6_native": false,
            "map_customer_owned_ip_on_launch": false,
            "map_public_ip_on_launch": true,
            "outpost_arn": "",
            "owner_id": "339772204487",
            "private_dns_hostname_type_on_launch": "ip-name",
            "tags": {
              "kubernetes.io/cluster/eks-cluster-cloud": "shared",
              "kubernetes.io/role/elb": "1"
            },
            "tags_all": {
              "kubernetes.io/cluster/eks-cluster-cloud": "shared",
              "kubernetes.io/role/elb": "1"
            },
            "timeouts": null,
            "vpc_id": "vpc-01ebd86807da7f864"
          },
          "sensitive_attributes": [],
          "private": "eyJlMmJmYjczMC1lY2FhLTExZTYtOGY4OC0zNDM2M2JjN2M0YzAiOnsiY3JlYXRlIjo2MDAwMDAwMDAwMDAsImRlbGV0ZSI6MTIwMDAwMDAwMDAwMH0sInNjaGVtYV92ZXJzaW9uIjoiMSJ9",
          "dependencies": [
            "module.eks-cluster.aws_vpc.eks-vpc"
          ]
        }
      ]
    },
    {
      "module": "module.eks-cluster",
      "mode": "managed",
      "type": "aws_subnet",
      "name": "public-subnet-2",
      "provider": "provider[\"registry.terraform.io/hashicorp/aws\"]",
      "instances": [
        {
          "schema_version": 1,
          "attributes": {
            "arn": "arn:aws:ec2:us-east-1:339772204487:subnet/subnet-0a6ce252f83c86552",
            "assign_ipv6_address_on_creation": false,
            "availability_zone": "us-east-1b",
            "availability_zone_id": "use1-az2",
            "cidr_block": "10.0.96.0/19",
            "customer_owned_ipv4_pool": "",
            "enable_dns64": false,
            "enable_resource_name_dns_a_record_on_launch": false,
            "enable_resource_name_dns_aaaa_record_on_launch": false,
            "id": "subnet-0a6ce252f83c86552",
            "ipv6_cidr_block": "",
            "ipv6_cidr_block_association_id": "",
            "ipv6_native": false,
            "map_customer_owned_ip_on_launch": false,
            "map_public_ip_on_launch": true,
            "outpost_arn": "",
            "owner_id": "339772204487",
            "private_dns_hostname_type_on_launch": "ip-name",
            "tags": {
              "kubernetes.io/cluster/eks-cluster-cloud": "shared",
              "kubernetes.io/role/elb": "1"
            },
            "tags_all": {
              "kubernetes.io/cluster/eks-cluster-cloud": "shared",
              "kubernetes.io/role/elb": "1"
            },
            "timeouts": null,
            "vpc_id": "vpc-01ebd86807da7f864"
          },
          "sensitive_attributes": [],
          "private": "eyJlMmJmYjczMC1lY2FhLTExZTYtOGY4OC0zNDM2M2JjN2M0YzAiOnsiY3JlYXRlIjo2MDAwMDAwMDAwMDAsImRlbGV0ZSI6MTIwMDAwMDAwMDAwMH0sInNjaGVtYV92ZXJzaW9uIjoiMSJ9",
          "dependencies": [
            "module.eks-cluster.aws_vpc.eks-vpc"
          ]
        }
      ]
    },
    {
      "module": "module.eks-cluster",
      "mode": "managed",
      "type": "aws_vpc",
      "name": "eks-vpc",
      "provider": "provider[\"registry.terraform.io/hashicorp/aws\"]",
      "instances": [
        {
          "schema_version": 1,
          "attributes": {
            "arn": "arn:aws:ec2:us-east-1:339772204487:vpc/vpc-01ebd86807da7f864",
            "assign_generated_ipv6_cidr_block": false,
            "cidr_block": "10.0.0.0/16",
            "default_network_acl_id": "acl-01964486729882881",
            "default_route_table_id": "rtb-02339e894fe32d20c",
            "default_security_group_id": "sg-00ce2d66058d088f4",
            "dhcp_options_id": "dopt-0a941d81102e68b3c",
            "enable_classiclink": false,
            "enable_classiclink_dns_support": false,
            "enable_dns_hostnames": true,
            "enable_dns_support": true,
            "enable_network_address_usage_metrics": false,
            "id": "vpc-01ebd86807da7f864",
            "instance_tenancy": "default",
            "ipv4_ipam_pool_id": null,
            "ipv4_netmask_length": null,
            "ipv6_association_id": "",
            "ipv6_cidr_block": "",
            "ipv6_cidr_block_network_border_group": "",
            "ipv6_ipam_pool_id": "",
            "ipv6_netmask_length": 0,
            "main_route_table_id": "rtb-02339e894fe32d20c",
            "owner_id": "339772204487",
            "tags": {
              "Name": "eks-vpc"
            },
            "tags_all": {
              "Name": "eks-vpc"
            }
          },
          "sensitive_attributes": [],
          "private": "eyJzY2hlbWFfdmVyc2lvbiI6IjEifQ=="
        }
      ]
    },
    {
      "module": "module.eks-fargate",
      "mode": "data",
      "type": "aws_eks_cluster",
      "name": "eks-cluster",
      "provider": "provider[\"registry.terraform.io/hashicorp/aws\"]",
      "instances": [
        {
          "schema_version": 0,
          "attributes": {
            "arn": "arn:aws:eks:us-east-1:339772204487:cluster/eks-cluster-cloud",
            "certificate_authority": [
              {
                "data": "LS0tLS1CRUdJTiBDRVJUSUZJQ0FURS0tLS0tCk1JSUMvakNDQWVhZ0F3SUJBZ0lCQURBTkJna3Foa2lHOXcwQkFRc0ZBREFWTVJNd0VRWURWUVFERXdwcmRXSmwKY201bGRHVnpNQjRYRFRJeU1URXlNREEwTlRJeU1Wb1hEVE15TVRFeE56QTBOVEl5TVZvd0ZURVRNQkVHQTFVRQpBeE1LYTNWaVpYSnVaWFJsY3pDQ0FTSXdEUVlKS29aSWh2Y05BUUVCQlFBRGdnRVBBRENDQVFvQ2dnRUJBTlA1CmJ4UkhkdjRXS0Y3enRvSXBmN3g4REt3WHFNNFc4V2NWWFlyallkVW1LZjk0NXdUcGVaZld5U2hKV3ZuOVJCbGMKWUJVWnBjQkxnRDlabW9ZNi9EQlNDdEZSLzh6M2ovM25VaVI1RC9CZTF3TWhIZlBucXFkRHA2UlZobVlmWXJSWgpwODA5VTJGZGNQN0JJUDVyRFZUSUxZMTlFZ3RHRnYrMmEzNlh6bjAvNzhhbUMyeWMwSW5LOXdnK2ZnU1BYZzZaCmNrT055cm01YTBHTUEweTl0T0JZTDJwaFEzcmtabnJDZy9qRURzZHN5VmpFUWNQMEllSW5tbkJ0aXQ5SllvZkEKL1pIclM2clAxbDVHWkxyTnBXczF1anVPQm9xS1ZDOXFpS2d4cnNkeitCZnhyQ3YwbzA0ZENLdkJIZ21mazNtNQppdmNzNG9iY29xdnZBdzlXakFjQ0F3RUFBYU5aTUZjd0RnWURWUjBQQVFIL0JBUURBZ0trTUE4R0ExVWRFd0VCCi93UUZNQU1CQWY4d0hRWURWUjBPQkJZRUZCaGtJaVovU2xFK0h5cStPcTZ0ZmtraUlXSEtNQlVHQTFVZEVRUU8KTUF5Q0NtdDFZbVZ5Ym1WMFpYTXdEUVlKS29aSWh2Y05BUUVMQlFBRGdnRUJBSG5ESjl2YWZaUHRBV1RaYlJ4OQpYS3prNTEwN0pNMkxHMFZTS3phSCthSGJpNWJrc2I4U2Y4V0hMRjhhYVVYbUlpd3M1RVRwbjBGcytxZ1R5TWdHCjE0RkIzQmFvdlR3WURTV1NpWkNTSXR4ZW81elBJSUVQM1UxWnRZOGNjai82RmRoMHBwSUczSG92ZlgwZFNIblIKaVZydTllYmZTaVZYc2M5bXhLWldib1gzTWpONys3eGt1L3lUcmhKbnh2SlZBOC9YNklydEt4NzRLekVnMHlGSwpMVTFYWTAvaHNRZ25TdWcxOG9oQnJ6MWVvTlR5SXpzV2MyOTdaQi9JT1hRbjVSSUNNc05ZRlhVUi85ZjRBam5CCnNLRlhGWXdKMjVHWGRXTUlDVXdDZXRsNS9VSWFUWUJ2MlR2VndxQkF0ZXlDRU5ib3BWRmpUYzlxbGJQQWxCMzkKL1NRPQotLS0tLUVORCBDRVJUSUZJQ0FURS0tLS0tCg=="
              }
            ],
            "created_at": "2022-11-20 04:46:17.172 +0000 UTC",
            "enabled_cluster_log_types": [],
            "endpoint": "https://5E272EA2F99D80543E5ECEAFFBF44EB7.gr7.us-east-1.eks.amazonaws.com",
            "id": "eks-cluster-cloud",
            "identity": [
              {
                "oidc": [
                  {
                    "issuer": "https://oidc.eks.us-east-1.amazonaws.com/id/5E272EA2F99D80543E5ECEAFFBF44EB7"
                  }
                ]
              }
            ],
            "kubernetes_network_config": [
              {
                "ip_family": "ipv4",
                "service_ipv4_cidr": "172.20.0.0/16",
                "service_ipv6_cidr": ""
              }
            ],
            "name": "eks-cluster-cloud",
            "outpost_config": [],
            "platform_version": "eks.4",
            "role_arn": "arn:aws:iam::339772204487:role/eks-cluster-role",
            "status": "ACTIVE",
            "tags": {},
            "version": "1.23",
            "vpc_config": [
              {
                "cluster_security_group_id": "sg-02a9c52fe0a9387ed",
                "endpoint_private_access": false,
                "endpoint_public_access": true,
                "public_access_cidrs": [
                  "0.0.0.0/0"
                ],
                "security_group_ids": [],
                "subnet_ids": [
                  "subnet-0197b5193279f016a",
                  "subnet-0a6ce252f83c86552",
                  "subnet-0b0594d192e3f588a",
                  "subnet-0be5a0b9e3f92ec43"
                ],
                "vpc_id": "vpc-01ebd86807da7f864"
              }
            ]
          },
          "sensitive_attributes": []
        }
      ]
    },
    {
      "module": "module.eks-fargate",
      "mode": "data",
      "type": "aws_eks_cluster_auth",
      "name": "eks",
      "provider": "provider[\"registry.terraform.io/hashicorp/aws\"]",
      "instances": [
        {
          "schema_version": 0,
          "attributes": {
            "id": "eks-cluster-cloud",
            "name": "eks-cluster-cloud",
            "token": "k8s-aws-v1.aHR0cHM6Ly9zdHMuYW1hem9uYXdzLmNvbS8_QWN0aW9uPUdldENhbGxlcklkZW50aXR5JlZlcnNpb249MjAxMS0wNi0xNSZYLUFtei1BbGdvcml0aG09QVdTNC1ITUFDLVNIQTI1NiZYLUFtei1DcmVkZW50aWFsPUFLSUFVNkhBQU1YRFVIUVAyNVU0JTJGMjAyMjExMjAlMkZ1cy1lYXN0LTElMkZzdHMlMkZhd3M0X3JlcXVlc3QmWC1BbXotRGF0ZT0yMDIyMTEyMFQwNTAwMDhaJlgtQW16LUV4cGlyZXM9MCZYLUFtei1TaWduZWRIZWFkZXJzPWhvc3QlM0J4LWs4cy1hd3MtaWQmWC1BbXotU2lnbmF0dXJlPTRiMDY3ODhkMWFiZGRlZGE3YjA2YmRiOWE4NDVlYWM1YmU5NWE2MGQyYzIzNmU4NTAxZGRhNTRkMGNhODViMDg"
          },
          "sensitive_attributes": []
        }
      ]
    },
    {
      "module": "module.eks-fargate",
      "mode": "data",
      "type": "aws_subnet",
      "name": "private-subnet",
      "provider": "provider[\"registry.terraform.io/hashicorp/aws\"]",
      "instances": [
        {
          "schema_version": 0,
          "attributes": {
            "arn": "arn:aws:ec2:us-east-1:339772204487:subnet/subnet-0be5a0b9e3f92ec43",
            "assign_ipv6_address_on_creation": false,
            "availability_zone": "us-east-1b",
            "availability_zone_id": "use1-az2",
            "available_ip_address_count": 8187,
            "cidr_block": "10.0.0.0/19",
            "customer_owned_ipv4_pool": "",
            "default_for_az": false,
            "enable_dns64": false,
            "enable_resource_name_dns_a_record_on_launch": false,
            "enable_resource_name_dns_aaaa_record_on_launch": false,
            "filter": null,
            "id": "subnet-0be5a0b9e3f92ec43",
            "ipv6_cidr_block": "",
            "ipv6_cidr_block_association_id": "",
            "ipv6_native": false,
            "map_customer_owned_ip_on_launch": false,
            "map_public_ip_on_launch": false,
            "outpost_arn": "",
            "owner_id": "339772204487",
            "private_dns_hostname_type_on_launch": "ip-name",
            "state": "available",
            "tags": {
              "kubernetes.io/cluster/eks-cluster-cloud": "shared",
              "kubernetes.io/role/internal-elb": "1"
            },
            "timeouts": null,
            "vpc_id": "vpc-01ebd86807da7f864"
          },
          "sensitive_attributes": []
        }
      ]
    },
    {
      "module": "module.eks-fargate",
      "mode": "data",
      "type": "aws_subnet",
      "name": "private-subnet-2",
      "provider": "provider[\"registry.terraform.io/hashicorp/aws\"]",
      "instances": [
        {
          "schema_version": 0,
          "attributes": {
            "arn": "arn:aws:ec2:us-east-1:339772204487:subnet/subnet-0197b5193279f016a",
            "assign_ipv6_address_on_creation": false,
            "availability_zone": "us-east-1a",
            "availability_zone_id": "use1-az1",
            "available_ip_address_count": 8186,
            "cidr_block": "10.0.32.0/19",
            "customer_owned_ipv4_pool": "",
            "default_for_az": false,
            "enable_dns64": false,
            "enable_resource_name_dns_a_record_on_launch": false,
            "enable_resource_name_dns_aaaa_record_on_launch": false,
            "filter": null,
            "id": "subnet-0197b5193279f016a",
            "ipv6_cidr_block": "",
            "ipv6_cidr_block_association_id": "",
            "ipv6_native": false,
            "map_customer_owned_ip_on_launch": false,
            "map_public_ip_on_launch": false,
            "outpost_arn": "",
            "owner_id": "339772204487",
            "private_dns_hostname_type_on_launch": "ip-name",
            "state": "available",
            "tags": {
              "kubernetes.io/cluster/eks-cluster-cloud": "shared",
              "kubernetes.io/role/internal-elb": "1"
            },
            "timeouts": null,
            "vpc_id": "vpc-01ebd86807da7f864"
          },
          "sensitive_attributes": []
        }
      ]
    },
    {
      "module": "module.eks-fargate",
      "mode": "managed",
      "type": "aws_eks_fargate_profile",
      "name": "kube-system",
      "provider": "provider[\"registry.terraform.io/hashicorp/aws\"]",
      "instances": [
        {
          "schema_version": 0,
          "attributes": {
            "arn": "arn:aws:eks:us-east-1:339772204487:fargateprofile/eks-cluster-cloud/kube-system/aec249b4-5ebb-0e28-c7bd-8b64316d0e9f",
            "cluster_name": "eks-cluster-cloud",
            "fargate_profile_name": "kube-system",
            "id": "eks-cluster-cloud:kube-system",
            "pod_execution_role_arn": "arn:aws:iam::339772204487:role/eks-fargate-cloud-course",
            "selector": [
              {
                "labels": null,
                "namespace": "kube-system"
              }
            ],
            "status": "ACTIVE",
            "subnet_ids": [
              "subnet-0197b5193279f016a",
              "subnet-0be5a0b9e3f92ec43"
            ],
            "tags": null,
            "tags_all": {},
            "timeouts": null
          },
          "sensitive_attributes": [],
          "private": "eyJlMmJmYjczMC1lY2FhLTExZTYtOGY4OC0zNDM2M2JjN2M0YzAiOnsiY3JlYXRlIjo2MDAwMDAwMDAwMDAsImRlbGV0ZSI6NjAwMDAwMDAwMDAwfX0=",
          "dependencies": [
            "module.eks-fargate.aws_iam_role.eks-fargate-profile-role",
            "module.eks-fargate.data.aws_eks_cluster.eks-cluster",
            "module.eks-fargate.data.aws_subnet.private-subnet",
            "module.eks-fargate.data.aws_subnet.private-subnet-2"
          ]
        }
      ]
    },
    {
      "module": "module.eks-fargate",
      "mode": "managed",
      "type": "aws_eks_fargate_profile",
      "name": "staging",
      "provider": "provider[\"registry.terraform.io/hashicorp/aws\"]",
      "instances": [
        {
          "schema_version": 0,
          "attributes": {
            "arn": "arn:aws:eks:us-east-1:339772204487:fargateprofile/eks-cluster-cloud/development/c4c249b5-81f1-fc97-9176-7e9cd9bcedca",
            "cluster_name": "eks-cluster-cloud",
            "fargate_profile_name": "development",
            "id": "eks-cluster-cloud:development",
            "pod_execution_role_arn": "arn:aws:iam::339772204487:role/eks-fargate-cloud-course",
            "selector": [
              {
                "labels": null,
                "namespace": "development"
              }
            ],
            "status": "ACTIVE",
            "subnet_ids": [
              "subnet-0197b5193279f016a",
              "subnet-0be5a0b9e3f92ec43"
            ],
            "tags": null,
            "tags_all": {},
            "timeouts": null
          },
          "sensitive_attributes": [],
          "private": "eyJlMmJmYjczMC1lY2FhLTExZTYtOGY4OC0zNDM2M2JjN2M0YzAiOnsiY3JlYXRlIjo2MDAwMDAwMDAwMDAsImRlbGV0ZSI6NjAwMDAwMDAwMDAwfX0=",
          "dependencies": [
            "module.eks-fargate.aws_iam_role.eks-fargate-profile-role",
            "module.eks-fargate.data.aws_eks_cluster.eks-cluster",
            "module.eks-fargate.data.aws_subnet.private-subnet",
            "module.eks-fargate.data.aws_subnet.private-subnet-2"
          ]
        }
      ]
    },
    {
      "module": "module.eks-fargate",
      "mode": "managed",
      "type": "aws_iam_role",
      "name": "eks-fargate-profile-role",
      "provider": "provider[\"registry.terraform.io/hashicorp/aws\"]",
      "instances": [
        {
          "schema_version": 0,
          "attributes": {
            "arn": "arn:aws:iam::339772204487:role/eks-fargate-cloud-course",
            "assume_role_policy": "{\"Statement\":[{\"Action\":\"sts:AssumeRole\",\"Effect\":\"Allow\",\"Principal\":{\"Service\":\"eks-fargate-pods.amazonaws.com\"}}],\"Version\":\"2012-10-17\"}",
            "create_date": "2022-11-20T05:00:13Z",
            "description": "",
            "force_detach_policies": false,
            "id": "eks-fargate-cloud-course",
            "inline_policy": [],
            "managed_policy_arns": [],
            "max_session_duration": 3600,
            "name": "eks-fargate-cloud-course",
            "name_prefix": "",
            "path": "/",
            "permissions_boundary": null,
            "tags": null,
            "tags_all": {},
            "unique_id": "AROAU6HAAMXDWWQVQC7H3"
          },
          "sensitive_attributes": [],
          "private": "bnVsbA=="
        }
      ]
    },
    {
      "module": "module.eks-fargate",
      "mode": "managed",
      "type": "aws_iam_role_policy_attachment",
      "name": "eks-fargate-profile-attachment",
      "provider": "provider[\"registry.terraform.io/hashicorp/aws\"]",
      "instances": [
        {
          "schema_version": 0,
          "attributes": {
            "id": "eks-fargate-cloud-course-20221120050014089100000003",
            "policy_arn": "arn:aws:iam::aws:policy/AmazonEKSFargatePodExecutionRolePolicy",
            "role": "eks-fargate-cloud-course"
          },
          "sensitive_attributes": [],
          "private": "bnVsbA==",
          "dependencies": [
            "module.eks-fargate.aws_iam_role.eks-fargate-profile-role"
          ]
        }
      ]
    },
    {
      "module": "module.eks-fargate",
      "mode": "managed",
      "type": "null_resource",
      "name": "k8s_patcher-kube-system",
      "provider": "provider[\"registry.terraform.io/hashicorp/null\"]",
      "instances": [
        {
          "schema_version": 0,
          "attributes": {
            "id": "3404652767200309303",
            "triggers": {
              "ca_crt": "-----BEGIN CERTIFICATE-----\nMIIC/jCCAeagAwIBAgIBADANBgkqhkiG9w0BAQsFADAVMRMwEQYDVQQDEwprdWJl\ncm5ldGVzMB4XDTIyMTEyMDA0NTIyMVoXDTMyMTExNzA0NTIyMVowFTETMBEGA1UE\nAxMKa3ViZXJuZXRlczCCASIwDQYJKoZIhvcNAQEBBQADggEPADCCAQoCggEBANP5\nbxRHdv4WKF7ztoIpf7x8DKwXqM4W8WcVXYrjYdUmKf945wTpeZfWyShJWvn9RBlc\nYBUZpcBLgD9ZmoY6/DBSCtFR/8z3j/3nUiR5D/Be1wMhHfPnqqdDp6RVhmYfYrRZ\np809U2FdcP7BIP5rDVTILY19EgtGFv+2a36Xzn0/78amC2yc0InK9wg+fgSPXg6Z\nckONyrm5a0GMA0y9tOBYL2phQ3rkZnrCg/jEDsdsyVjEQcP0IeInmnBtit9JYofA\n/ZHrS6rP1l5GZLrNpWs1ujuOBoqKVC9qiKgxrsdz+BfxrCv0o04dCKvBHgmfk3m5\nivcs4obcoqvvAw9WjAcCAwEAAaNZMFcwDgYDVR0PAQH/BAQDAgKkMA8GA1UdEwEB\n/wQFMAMBAf8wHQYDVR0OBBYEFBhkIiZ/SlE+Hyq+Oq6tfkkiIWHKMBUGA1UdEQQO\nMAyCCmt1YmVybmV0ZXMwDQYJKoZIhvcNAQELBQADggEBAHnDJ9vafZPtAWTZbRx9\nXKzk5107JM2LG0VSKzaH+aHbi5bksb8Sf8WHLF8aaUXmIiws5ETpn0Fs+qgTyMgG\n14FB3BaovTwYDSWSiZCSItxeo5zPIIEP3U1ZtY8ccj/6Fdh0ppIG3HovfX0dSHnR\niVru9ebfSiVXsc9mxKZWboX3MjN7+7xku/yTrhJnxvJVA8/X6IrtKx74KzEg0yFK\nLU1XY0/hsQgnSug18ohBrz1eoNTyIzsWc297ZB/IOXQn5RICMsNYFXUR/9f4AjnB\nsKFXFYwJ25GXdWMICUwCetl5/UIaTYBv2TvVwqBAteyCENbopVFjTc9qlbPAlB39\n/SQ=\n-----END CERTIFICATE-----\n",
              "endpoint": "https://5E272EA2F99D80543E5ECEAFFBF44EB7.gr7.us-east-1.eks.amazonaws.com",
              "token": "k8s-aws-v1.aHR0cHM6Ly9zdHMuYW1hem9uYXdzLmNvbS8_QWN0aW9uPUdldENhbGxlcklkZW50aXR5JlZlcnNpb249MjAxMS0wNi0xNSZYLUFtei1BbGdvcml0aG09QVdTNC1ITUFDLVNIQTI1NiZYLUFtei1DcmVkZW50aWFsPUFLSUFVNkhBQU1YRFVIUVAyNVU0JTJGMjAyMjExMjAlMkZ1cy1lYXN0LTElMkZzdHMlMkZhd3M0X3JlcXVlc3QmWC1BbXotRGF0ZT0yMDIyMTEyMFQwNTAwMDhaJlgtQW16LUV4cGlyZXM9MCZYLUFtei1TaWduZWRIZWFkZXJzPWhvc3QlM0J4LWs4cy1hd3MtaWQmWC1BbXotU2lnbmF0dXJlPTRiMDY3ODhkMWFiZGRlZGE3YjA2YmRiOWE4NDVlYWM1YmU5NWE2MGQyYzIzNmU4NTAxZGRhNTRkMGNhODViMDg"
            }
          },
          "sensitive_attributes": [
            [
              {
                "type": "get_attr",
                "value": "triggers"
              },
              {
                "type": "index",
                "value": {
                  "value": "token",
                  "type": "string"
                }
              }
            ]
          ],
          "dependencies": [
            "module.eks-fargate.aws_eks_fargate_profile.kube-system",
            "module.eks-fargate.aws_iam_role.eks-fargate-profile-role",
            "module.eks-fargate.data.aws_eks_cluster.eks-cluster",
            "module.eks-fargate.data.aws_eks_cluster_auth.eks",
            "module.eks-fargate.data.aws_subnet.private-subnet",
            "module.eks-fargate.data.aws_subnet.private-subnet-2"
          ]
        }
      ]
    }
  ],
  "check_results": null
}
